// !$*UTF8*$!
{
	archiveVersion = 1;
	classes = {
	};
	objectVersion = 56;
	objects = {

/* Begin PBXBuildFile section */
		7A6571F52A9CD00500CC696E /* StandingsTabItemView.swift in Sources */ = {isa = PBXBuildFile; fileRef = 7A6571F42A9CD00500CC696E /* StandingsTabItemView.swift */; };
		7A6571F72A9CD36700CC696E /* TopScorersTableView.swift in Sources */ = {isa = PBXBuildFile; fileRef = 7A6571F62A9CD36700CC696E /* TopScorersTableView.swift */; };
		7AAAAC642A72C65800CD026D /* RealityKitContent in Frameworks */ = {isa = PBXBuildFile; productRef = 7AAAAC632A72C65800CD026D /* RealityKitContent */; };
		7AAAAC662A72C65800CD026D /* FootballVisionApp.swift in Sources */ = {isa = PBXBuildFile; fileRef = 7AAAAC652A72C65800CD026D /* FootballVisionApp.swift */; };
		7AAAAC682A72C65800CD026D /* ContentView.swift in Sources */ = {isa = PBXBuildFile; fileRef = 7AAAAC672A72C65800CD026D /* ContentView.swift */; };
		7AAAAC6A2A72C65C00CD026D /* Assets.xcassets in Resources */ = {isa = PBXBuildFile; fileRef = 7AAAAC692A72C65C00CD026D /* Assets.xcassets */; };
		7AAAAC6D2A72C65C00CD026D /* Preview Assets.xcassets in Resources */ = {isa = PBXBuildFile; fileRef = 7AAAAC6C2A72C65C00CD026D /* Preview Assets.xcassets */; };
		7AAAAC752A72C81F00CD026D /* XCAFootballDataClient in Frameworks */ = {isa = PBXBuildFile; productRef = 7AAAAC742A72C81F00CD026D /* XCAFootballDataClient */; };
		7AAAAC782A72C8AE00CD026D /* StandingsTableView.swift in Sources */ = {isa = PBXBuildFile; fileRef = 7AAAAC772A72C8AE00CD026D /* StandingsTableView.swift */; };
		7AAAAC7B2A72CA8E00CD026D /* StandingsTableObservable.swift in Sources */ = {isa = PBXBuildFile; fileRef = 7AAAAC7A2A72CA8E00CD026D /* StandingsTableObservable.swift */; };
		7AAAAC7D2A72CBB900CD026D /* FetchPhase.swift in Sources */ = {isa = PBXBuildFile; fileRef = 7AAAAC7C2A72CBB900CD026D /* FetchPhase.swift */; };
		7AAAAC852A73745B00CD026D /* scorers.json in Resources */ = {isa = PBXBuildFile; fileRef = 7AAAAC832A73745B00CD026D /* scorers.json */; };
		7AAAAC862A73745B00CD026D /* standings.json in Resources */ = {isa = PBXBuildFile; fileRef = 7AAAAC842A73745B00CD026D /* standings.json */; };
		7AAAAC882A73748800CD026D /* Utility.swift in Sources */ = {isa = PBXBuildFile; fileRef = 7AAAAC872A73748800CD026D /* Utility.swift */; };
		7AEFD28E2A7B540800EA891F /* SVGImageSwiftUI in Frameworks */ = {isa = PBXBuildFile; productRef = 7AEFD28D2A7B540800EA891F /* SVGImageSwiftUI */; };
/* End PBXBuildFile section */

/* Begin PBXFileReference section */
		7A6571F42A9CD00500CC696E /* StandingsTabItemView.swift */ = {isa = PBXFileReference; lastKnownFileType = sourcecode.swift; path = StandingsTabItemView.swift; sourceTree = "<group>"; };
		7A6571F62A9CD36700CC696E /* TopScorersTableView.swift */ = {isa = PBXFileReference; lastKnownFileType = sourcecode.swift; path = TopScorersTableView.swift; sourceTree = "<group>"; };
		7AAAAC5E2A72C65800CD026D /* FootballVision.app */ = {isa = PBXFileReference; explicitFileType = wrapper.application; includeInIndex = 0; path = FootballVision.app; sourceTree = BUILT_PRODUCTS_DIR; };
		7AAAAC622A72C65800CD026D /* RealityKitContent */ = {isa = PBXFileReference; lastKnownFileType = wrapper; path = RealityKitContent; sourceTree = "<group>"; };
		7AAAAC652A72C65800CD026D /* FootballVisionApp.swift */ = {isa = PBXFileReference; lastKnownFileType = sourcecode.swift; path = FootballVisionApp.swift; sourceTree = "<group>"; };
		7AAAAC672A72C65800CD026D /* ContentView.swift */ = {isa = PBXFileReference; lastKnownFileType = sourcecode.swift; path = ContentView.swift; sourceTree = "<group>"; };
		7AAAAC692A72C65C00CD026D /* Assets.xcassets */ = {isa = PBXFileReference; lastKnownFileType = folder.assetcatalog; path = Assets.xcassets; sourceTree = "<group>"; };
		7AAAAC6C2A72C65C00CD026D /* Preview Assets.xcassets */ = {isa = PBXFileReference; lastKnownFileType = folder.assetcatalog; path = "Preview Assets.xcassets"; sourceTree = "<group>"; };
		7AAAAC772A72C8AE00CD026D /* StandingsTableView.swift */ = {isa = PBXFileReference; lastKnownFileType = sourcecode.swift; path = StandingsTableView.swift; sourceTree = "<group>"; };
		7AAAAC7A2A72CA8E00CD026D /* StandingsTableObservable.swift */ = {isa = PBXFileReference; lastKnownFileType = sourcecode.swift; path = StandingsTableObservable.swift; sourceTree = "<group>"; };
		7AAAAC7C2A72CBB900CD026D /* FetchPhase.swift */ = {isa = PBXFileReference; lastKnownFileType = sourcecode.swift; path = FetchPhase.swift; sourceTree = "<group>"; };
		7AAAAC832A73745B00CD026D /* scorers.json */ = {isa = PBXFileReference; fileEncoding = 4; lastKnownFileType = text.json; path = scorers.json; sourceTree = "<group>"; };
		7AAAAC842A73745B00CD026D /* standings.json */ = {isa = PBXFileReference; fileEncoding = 4; lastKnownFileType = text.json; path = standings.json; sourceTree = "<group>"; };
		7AAAAC872A73748800CD026D /* Utility.swift */ = {isa = PBXFileReference; lastKnownFileType = sourcecode.swift; path = Utility.swift; sourceTree = "<group>"; };
/* End PBXFileReference section */

/* Begin PBXFrameworksBuildPhase section */
		7AAAAC5B2A72C65800CD026D /* Frameworks */ = {
			isa = PBXFrameworksBuildPhase;
			buildActionMask = 2147483647;
			files = (
				7AEFD28E2A7B540800EA891F /* SVGImageSwiftUI in Frameworks */,
				7AAAAC642A72C65800CD026D /* RealityKitContent in Frameworks */,
				7AAAAC752A72C81F00CD026D /* XCAFootballDataClient in Frameworks */,
			);
			runOnlyForDeploymentPostprocessing = 0;
		};
/* End PBXFrameworksBuildPhase section */

/* Begin PBXGroup section */
		7AAAAC552A72C65800CD026D = {
			isa = PBXGroup;
			children = (
				7AAAAC602A72C65800CD026D /* FootballVision */,
				7AAAAC612A72C65800CD026D /* Packages */,
				7AAAAC5F2A72C65800CD026D /* Products */,
			);
			sourceTree = "<group>";
		};
		7AAAAC5F2A72C65800CD026D /* Products */ = {
			isa = PBXGroup;
			children = (
				7AAAAC5E2A72C65800CD026D /* FootballVision.app */,
			);
			name = Products;
			sourceTree = "<group>";
		};
		7AAAAC602A72C65800CD026D /* FootballVision */ = {
			isa = PBXGroup;
			children = (
				7AAAAC7E2A73738800CD026D /* Stubs */,
				7AAAAC792A72CA4C00CD026D /* Observables */,
				7AAAAC762A72C88100CD026D /* Views */,
				7AAAAC652A72C65800CD026D /* FootballVisionApp.swift */,
				7AAAAC672A72C65800CD026D /* ContentView.swift */,
				7AAAAC692A72C65C00CD026D /* Assets.xcassets */,
				7AAAAC6B2A72C65C00CD026D /* Preview Content */,
				7AAAAC7C2A72CBB900CD026D /* FetchPhase.swift */,
				7AAAAC872A73748800CD026D /* Utility.swift */,
			);
			path = FootballVision;
			sourceTree = "<group>";
		};
		7AAAAC612A72C65800CD026D /* Packages */ = {
			isa = PBXGroup;
			children = (
				7AAAAC622A72C65800CD026D /* RealityKitContent */,
			);
			path = Packages;
			sourceTree = "<group>";
		};
		7AAAAC6B2A72C65C00CD026D /* Preview Content */ = {
			isa = PBXGroup;
			children = (
				7AAAAC6C2A72C65C00CD026D /* Preview Assets.xcassets */,
			);
			path = "Preview Content";
			sourceTree = "<group>";
		};
		7AAAAC762A72C88100CD026D /* Views */ = {
			isa = PBXGroup;
			children = (
				7AAAAC772A72C8AE00CD026D /* StandingsTableView.swift */,
				7A6571F42A9CD00500CC696E /* StandingsTabItemView.swift */,
				7A6571F62A9CD36700CC696E /* TopScorersTableView.swift */,
			);
			path = Views;
			sourceTree = "<group>";
		};
		7AAAAC792A72CA4C00CD026D /* Observables */ = {
			isa = PBXGroup;
			children = (
				7AAAAC7A2A72CA8E00CD026D /* StandingsTableObservable.swift */,
			);
			path = Observables;
			sourceTree = "<group>";
		};
		7AAAAC7E2A73738800CD026D /* Stubs */ = {
			isa = PBXGroup;
			children = (
				7AAAAC832A73745B00CD026D /* scorers.json */,
				7AAAAC842A73745B00CD026D /* standings.json */,
			);
			path = Stubs;
			sourceTree = "<group>";
		};
/* End PBXGroup section */

/* Begin PBXNativeTarget section */
		7AAAAC5D2A72C65800CD026D /* FootballVision */ = {
			isa = PBXNativeTarget;
			buildConfigurationList = 7AAAAC702A72C65C00CD026D /* Build configuration list for PBXNativeTarget "FootballVision" */;
			buildPhases = (
				7AAAAC5A2A72C65800CD026D /* Sources */,
				7AAAAC5B2A72C65800CD026D /* Frameworks */,
				7AAAAC5C2A72C65800CD026D /* Resources */,
			);
			buildRules = (
			);
			dependencies = (
			);
			name = FootballVision;
			packageProductDependencies = (
				7AAAAC632A72C65800CD026D /* RealityKitContent */,
				7AAAAC742A72C81F00CD026D /* XCAFootballDataClient */,
				7AEFD28D2A7B540800EA891F /* SVGImageSwiftUI */,
			);
			productName = FootballVision;
			productReference = 7AAAAC5E2A72C65800CD026D /* FootballVision.app */;
			productType = "com.apple.product-type.application";
		};
/* End PBXNativeTarget section */

/* Begin PBXProject section */
		7AAAAC562A72C65800CD026D /* Project object */ = {
			isa = PBXProject;
			attributes = {
				BuildIndependentTargetsInParallel = 1;
				LastSwiftUpdateCheck = 1500;
				LastUpgradeCheck = 1500;
				TargetAttributes = {
					7AAAAC5D2A72C65800CD026D = {
						CreatedOnToolsVersion = 15.0;
					};
				};
			};
			buildConfigurationList = 7AAAAC592A72C65800CD026D /* Build configuration list for PBXProject "FootballVision" */;
			compatibilityVersion = "Xcode 14.0";
			developmentRegion = en;
			hasScannedForEncodings = 0;
			knownRegions = (
				en,
				Base,
			);
			mainGroup = 7AAAAC552A72C65800CD026D;
			packageReferences = (
				7AAAAC732A72C81F00CD026D /* XCRemoteSwiftPackageReference "XCAFootballDataClient" */,
				7AEFD28B2A7B530300EA891F /* XCRemoteSwiftPackageReference "SVGImageSwiftUI" */,
				7AEFD28C2A7B540800EA891F /* XCRemoteSwiftPackageReference "SVGImageSwiftUI" */,
			);
			productRefGroup = 7AAAAC5F2A72C65800CD026D /* Products */;
			projectDirPath = "";
			projectRoot = "";
			targets = (
				7AAAAC5D2A72C65800CD026D /* FootballVision */,
			);
		};
/* End PBXProject section */

/* Begin PBXResourcesBuildPhase section */
		7AAAAC5C2A72C65800CD026D /* Resources */ = {
			isa = PBXResourcesBuildPhase;
			buildActionMask = 2147483647;
			files = (
				7AAAAC852A73745B00CD026D /* scorers.json in Resources */,
				7AAAAC862A73745B00CD026D /* standings.json in Resources */,
				7AAAAC6D2A72C65C00CD026D /* Preview Assets.xcassets in Resources */,
				7AAAAC6A2A72C65C00CD026D /* Assets.xcassets in Resources */,
			);
			runOnlyForDeploymentPostprocessing = 0;
		};
/* End PBXResourcesBuildPhase section */

/* Begin PBXSourcesBuildPhase section */
		7AAAAC5A2A72C65800CD026D /* Sources */ = {
			isa = PBXSourcesBuildPhase;
			buildActionMask = 2147483647;
			files = (
				7AAAAC7D2A72CBB900CD026D /* FetchPhase.swift in Sources */,
				7A6571F52A9CD00500CC696E /* StandingsTabItemView.swift in Sources */,
				7AAAAC782A72C8AE00CD026D /* StandingsTableView.swift in Sources */,
				7A6571F72A9CD36700CC696E /* TopScorersTableView.swift in Sources */,
				7AAAAC882A73748800CD026D /* Utility.swift in Sources */,
				7AAAAC7B2A72CA8E00CD026D /* StandingsTableObservable.swift in Sources */,
				7AAAAC682A72C65800CD026D /* ContentView.swift in Sources */,
				7AAAAC662A72C65800CD026D /* FootballVisionApp.swift in Sources */,
			);
			runOnlyForDeploymentPostprocessing = 0;
		};
/* End PBXSourcesBuildPhase section */

/* Begin XCBuildConfiguration section */
		7AAAAC6E2A72C65C00CD026D /* Debug */ = {
			isa = XCBuildConfiguration;
			buildSettings = {
				ALWAYS_SEARCH_USER_PATHS = NO;
				ASSETCATALOG_COMPILER_GENERATE_SWIFT_ASSET_SYMBOL_EXTENSIONS = YES;
				CLANG_ANALYZER_NONNULL = YES;
				CLANG_ANALYZER_NUMBER_OBJECT_CONVERSION = YES_AGGRESSIVE;
				CLANG_CXX_LANGUAGE_STANDARD = "gnu++20";
				CLANG_ENABLE_MODULES = YES;
				CLANG_ENABLE_OBJC_ARC = YES;
				CLANG_ENABLE_OBJC_WEAK = YES;
				CLANG_WARN_BLOCK_CAPTURE_AUTORELEASING = YES;
				CLANG_WARN_BOOL_CONVERSION = YES;
				CLANG_WARN_COMMA = YES;
				CLANG_WARN_CONSTANT_CONVERSION = YES;
				CLANG_WARN_DEPRECATED_OBJC_IMPLEMENTATIONS = YES;
				CLANG_WARN_DIRECT_OBJC_ISA_USAGE = YES_ERROR;
				CLANG_WARN_DOCUMENTATION_COMMENTS = YES;
				CLANG_WARN_EMPTY_BODY = YES;
				CLANG_WARN_ENUM_CONVERSION = YES;
				CLANG_WARN_INFINITE_RECURSION = YES;
				CLANG_WARN_INT_CONVERSION = YES;
				CLANG_WARN_NON_LITERAL_NULL_CONVERSION = YES;
				CLANG_WARN_OBJC_IMPLICIT_RETAIN_SELF = YES;
				CLANG_WARN_OBJC_LITERAL_CONVERSION = YES;
				CLANG_WARN_OBJC_ROOT_CLASS = YES_ERROR;
				CLANG_WARN_QUOTED_INCLUDE_IN_FRAMEWORK_HEADER = YES;
				CLANG_WARN_RANGE_LOOP_ANALYSIS = YES;
				CLANG_WARN_STRICT_PROTOTYPES = YES;
				CLANG_WARN_SUSPICIOUS_MOVE = YES;
				CLANG_WARN_UNGUARDED_AVAILABILITY = YES_AGGRESSIVE;
				CLANG_WARN_UNREACHABLE_CODE = YES;
				CLANG_WARN__DUPLICATE_METHOD_MATCH = YES;
				COPY_PHASE_STRIP = NO;
				DEBUG_INFORMATION_FORMAT = dwarf;
				ENABLE_STRICT_OBJC_MSGSEND = YES;
				ENABLE_TESTABILITY = YES;
				ENABLE_USER_SCRIPT_SANDBOXING = YES;
				GCC_C_LANGUAGE_STANDARD = gnu17;
				GCC_DYNAMIC_NO_PIC = NO;
				GCC_NO_COMMON_BLOCKS = YES;
				GCC_OPTIMIZATION_LEVEL = 0;
				GCC_PREPROCESSOR_DEFINITIONS = (
					"DEBUG=1",
					"$(inherited)",
				);
				GCC_WARN_64_TO_32_BIT_CONVERSION = YES;
				GCC_WARN_ABOUT_RETURN_TYPE = YES_ERROR;
				GCC_WARN_UNDECLARED_SELECTOR = YES;
				GCC_WARN_UNINITIALIZED_AUTOS = YES_AGGRESSIVE;
				GCC_WARN_UNUSED_FUNCTION = YES;
				GCC_WARN_UNUSED_VARIABLE = YES;
				LOCALIZATION_PREFERS_STRING_CATALOGS = YES;
				MTL_ENABLE_DEBUG_INFO = INCLUDE_SOURCE;
				MTL_FAST_MATH = YES;
				ONLY_ACTIVE_ARCH = YES;
				SDKROOT = xros;
				SWIFT_ACTIVE_COMPILATION_CONDITIONS = "DEBUG $(inherited)";
				SWIFT_OPTIMIZATION_LEVEL = "-Onone";
				XROS_DEPLOYMENT_TARGET = 1.0;
			};
			name = Debug;
		};
		7AAAAC6F2A72C65C00CD026D /* Release */ = {
			isa = XCBuildConfiguration;
			buildSettings = {
				ALWAYS_SEARCH_USER_PATHS = NO;
				ASSETCATALOG_COMPILER_GENERATE_SWIFT_ASSET_SYMBOL_EXTENSIONS = YES;
				CLANG_ANALYZER_NONNULL = YES;
				CLANG_ANALYZER_NUMBER_OBJECT_CONVERSION = YES_AGGRESSIVE;
				CLANG_CXX_LANGUAGE_STANDARD = "gnu++20";
				CLANG_ENABLE_MODULES = YES;
				CLANG_ENABLE_OBJC_ARC = YES;
				CLANG_ENABLE_OBJC_WEAK = YES;
				CLANG_WARN_BLOCK_CAPTURE_AUTORELEASING = YES;
				CLANG_WARN_BOOL_CONVERSION = YES;
				CLANG_WARN_COMMA = YES;
				CLANG_WARN_CONSTANT_CONVERSION = YES;
				CLANG_WARN_DEPRECATED_OBJC_IMPLEMENTATIONS = YES;
				CLANG_WARN_DIRECT_OBJC_ISA_USAGE = YES_ERROR;
				CLANG_WARN_DOCUMENTATION_COMMENTS = YES;
				CLANG_WARN_EMPTY_BODY = YES;
				CLANG_WARN_ENUM_CONVERSION = YES;
				CLANG_WARN_INFINITE_RECURSION = YES;
				CLANG_WARN_INT_CONVERSION = YES;
				CLANG_WARN_NON_LITERAL_NULL_CONVERSION = YES;
				CLANG_WARN_OBJC_IMPLICIT_RETAIN_SELF = YES;
				CLANG_WARN_OBJC_LITERAL_CONVERSION = YES;
				CLANG_WARN_OBJC_ROOT_CLASS = YES_ERROR;
				CLANG_WARN_QUOTED_INCLUDE_IN_FRAMEWORK_HEADER = YES;
				CLANG_WARN_RANGE_LOOP_ANALYSIS = YES;
				CLANG_WARN_STRICT_PROTOTYPES = YES;
				CLANG_WARN_SUSPICIOUS_MOVE = YES;
				CLANG_WARN_UNGUARDED_AVAILABILITY = YES_AGGRESSIVE;
				CLANG_WARN_UNREACHABLE_CODE = YES;
				CLANG_WARN__DUPLICATE_METHOD_MATCH = YES;
				COPY_PHASE_STRIP = NO;
				DEBUG_INFORMATION_FORMAT = "dwarf-with-dsym";
				ENABLE_NS_ASSERTIONS = NO;
				ENABLE_STRICT_OBJC_MSGSEND = YES;
				ENABLE_USER_SCRIPT_SANDBOXING = YES;
				GCC_C_LANGUAGE_STANDARD = gnu17;
				GCC_NO_COMMON_BLOCKS = YES;
				GCC_WARN_64_TO_32_BIT_CONVERSION = YES;
				GCC_WARN_ABOUT_RETURN_TYPE = YES_ERROR;
				GCC_WARN_UNDECLARED_SELECTOR = YES;
				GCC_WARN_UNINITIALIZED_AUTOS = YES_AGGRESSIVE;
				GCC_WARN_UNUSED_FUNCTION = YES;
				GCC_WARN_UNUSED_VARIABLE = YES;
				LOCALIZATION_PREFERS_STRING_CATALOGS = YES;
				MTL_ENABLE_DEBUG_INFO = NO;
				MTL_FAST_MATH = YES;
				SDKROOT = xros;
				SWIFT_COMPILATION_MODE = wholemodule;
				VALIDATE_PRODUCT = YES;
				XROS_DEPLOYMENT_TARGET = 1.0;
			};
			name = Release;
		};
		7AAAAC712A72C65C00CD026D /* Debug */ = {
			isa = XCBuildConfiguration;
			buildSettings = {
				ASSETCATALOG_COMPILER_APPICON_NAME = AppIcon;
				ASSETCATALOG_COMPILER_GLOBAL_ACCENT_COLOR_NAME = AccentColor;
				CODE_SIGN_STYLE = Automatic;
				CURRENT_PROJECT_VERSION = 1;
				DEVELOPMENT_ASSET_PATHS = "\"FootballVision/Preview Content\"";
				DEVELOPMENT_TEAM = ML67Q7NY9A;
				ENABLE_PREVIEWS = YES;
				GENERATE_INFOPLIST_FILE = YES;
				INFOPLIST_KEY_UIApplicationSceneManifest_Generation = YES;
				LD_RUNPATH_SEARCH_PATHS = (
					"$(inherited)",
					"@executable_path/Frameworks",
				);
				MARKETING_VERSION = 1.0;
				PRODUCT_BUNDLE_IDENTIFIER = com.ajbaggar.FootballVision;
				PRODUCT_NAME = "$(TARGET_NAME)";
				SUPPORTED_PLATFORMS = "xros xrsimulator";
				SWIFT_EMIT_LOC_STRINGS = YES;
				SWIFT_VERSION = 5.0;
				TARGETED_DEVICE_FAMILY = "1,2,7";
			};
			name = Debug;
		};
		7AAAAC722A72C65C00CD026D /* Release */ = {
			isa = XCBuildConfiguration;
			buildSettings = {
				ASSETCATALOG_COMPILER_APPICON_NAME = AppIcon;
				ASSETCATALOG_COMPILER_GLOBAL_ACCENT_COLOR_NAME = AccentColor;
				CODE_SIGN_STYLE = Automatic;
				CURRENT_PROJECT_VERSION = 1;
				DEVELOPMENT_ASSET_PATHS = "\"FootballVision/Preview Content\"";
				DEVELOPMENT_TEAM = ML67Q7NY9A;
				ENABLE_PREVIEWS = YES;
				GENERATE_INFOPLIST_FILE = YES;
				INFOPLIST_KEY_UIApplicationSceneManifest_Generation = YES;
				LD_RUNPATH_SEARCH_PATHS = (
					"$(inherited)",
					"@executable_path/Frameworks",
				);
				MARKETING_VERSION = 1.0;
				PRODUCT_BUNDLE_IDENTIFIER = com.ajbaggar.FootballVision;
				PRODUCT_NAME = "$(TARGET_NAME)";
				SUPPORTED_PLATFORMS = "xros xrsimulator";
				SWIFT_EMIT_LOC_STRINGS = YES;
				SWIFT_VERSION = 5.0;
				TARGETED_DEVICE_FAMILY = "1,2,7";
			};
			name = Release;
		};
/* End XCBuildConfiguration section */

/* Begin XCConfigurationList section */
		7AAAAC592A72C65800CD026D /* Build configuration list for PBXProject "FootballVision" */ = {
			isa = XCConfigurationList;
			buildConfigurations = (
				7AAAAC6E2A72C65C00CD026D /* Debug */,
				7AAAAC6F2A72C65C00CD026D /* Release */,
			);
			defaultConfigurationIsVisible = 0;
			defaultConfigurationName = Release;
		};
		7AAAAC702A72C65C00CD026D /* Build configuration list for PBXNativeTarget "FootballVision" */ = {
			isa = XCConfigurationList;
			buildConfigurations = (
				7AAAAC712A72C65C00CD026D /* Debug */,
				7AAAAC722A72C65C00CD026D /* Release */,
			);
			defaultConfigurationIsVisible = 0;
			defaultConfigurationName = Release;
		};
/* End XCConfigurationList section */

/* Begin XCRemoteSwiftPackageReference section */
		7AAAAC732A72C81F00CD026D /* XCRemoteSwiftPackageReference "XCAFootballDataClient" */ = {
			isa = XCRemoteSwiftPackageReference;
			repositoryURL = "https://github.com/alfianlosari/XCAFootballDataClient";
			requirement = {
				kind = upToNextMajorVersion;
				minimumVersion = 0.1.0;
			};
		};
		7AEFD28B2A7B530300EA891F /* XCRemoteSwiftPackageReference "SVGImageSwiftUI" */ = {
			isa = XCRemoteSwiftPackageReference;
			repositoryURL = "https://github.com/alfianlosari/SVGImageSwiftUI";
			requirement = {
				branch = main;
				kind = branch;
			};
		};
		7AEFD28C2A7B540800EA891F /* XCRemoteSwiftPackageReference "SVGImageSwiftUI" */ = {
			isa = XCRemoteSwiftPackageReference;
			repositoryURL = "https://github.com/alfianlosari/SVGImageSwiftUI";
			requirement = {
				kind = upToNextMajorVersion;
				minimumVersion = 0.3.0;
			};
		};
/* End XCRemoteSwiftPackageReference section */

/* Begin XCSwiftPackageProductDependency section */
		7AAAAC632A72C65800CD026D /* RealityKitContent */ = {
			isa = XCSwiftPackageProductDependency;
			productName = RealityKitContent;
		};
		7AAAAC742A72C81F00CD026D /* XCAFootballDataClient */ = {
			isa = XCSwiftPackageProductDependency;
			package = 7AAAAC732A72C81F00CD026D /* XCRemoteSwiftPackageReference "XCAFootballDataClient" */;
			productName = XCAFootballDataClient;
		};
		7AEFD28D2A7B540800EA891F /* SVGImageSwiftUI */ = {
			isa = XCSwiftPackageProductDependency;
			package = 7AEFD28C2A7B540800EA891F /* XCRemoteSwiftPackageReference "SVGImageSwiftUI" */;
			productName = SVGImageSwiftUI;
		};
/* End XCSwiftPackageProductDependency section */
	};
	rootObject = 7AAAAC562A72C65800CD026D /* Project object */;
}
